Microsoft Visual Studio Solution File, Format Version 12.00
# Visual Studio 15
Project("{8BC9CEB8-8B4A-11D0-8D11-00A0C91BC942}") = "ALL_BUILD", "ALL_BUILD.vcxproj", "{E47575C2-CE8D-34E5-8039-BD9E1F101A86}"
	ProjectSection(ProjectDependencies) = postProject
		{933EE509-E9C3-3EDC-8A86-0F438012E2A7} = {933EE509-E9C3-3EDC-8A86-0F438012E2A7}
		{7B5920D1-1B82-3380-A148-286F936D6DDE} = {7B5920D1-1B82-3380-A148-286F936D6DDE}
		{E1B94A5A-3A74-3FD5-9B85-5ABA1C86C61A} = {E1B94A5A-3A74-3FD5-9B85-5ABA1C86C61A}
		{8D785F6E-5AC0-327B-94AD-9B5FB78BA479} = {8D785F6E-5AC0-327B-94AD-9B5FB78BA479}
		{0DA3EEC9-D6AA-37E8-86D6-E7C6ED40225E} = {0DA3EEC9-D6AA-37E8-86D6-E7C6ED40225E}
		{71BB42D7-3402-3654-A31E-99035B3C6701} = {71BB42D7-3402-3654-A31E-99035B3C6701}
		{E9914AC2-7DDC-33EE-AE42-54FD597C1A14} = {E9914AC2-7DDC-33EE-AE42-54FD597C1A14}
		{8A2F5DD7-380F-3203-82F2-FC1089E25F41} = {8A2F5DD7-380F-3203-82F2-FC1089E25F41}
		{DC0AE893-8FD4-3BAF-8B6D-158BC819FBE9} = {DC0AE893-8FD4-3BAF-8B6D-158BC819FBE9}
		{036B0AEB-D18F-3707-817F-11F2D9A9CE07} = {036B0AEB-D18F-3707-817F-11F2D9A9CE07}
		{F0DBC613-5953-3A63-8579-5998DF8924D9} = {F0DBC613-5953-3A63-8579-5998DF8924D9}
		{AE4E2298-0F75-37CF-855F-EB776FFEE051} = {AE4E2298-0F75-37CF-855F-EB776FFEE051}
		{65A36246-4D9E-3044-A7E3-A629CF07699C} = {65A36246-4D9E-3044-A7E3-A629CF07699C}
		{6458D5CC-2AB6-35E5-A476-A40496AB8F5A} = {6458D5CC-2AB6-35E5-A476-A40496AB8F5A}
		{15F19FFE-F8B3-3ABD-A1B5-E193570C0D7C} = {15F19FFE-F8B3-3ABD-A1B5-E193570C0D7C}
		{629C056A-21E8-3173-B29B-B59A4D0E42A2} = {629C056A-21E8-3173-B29B-B59A4D0E42A2}
		{A4ECAB0F-22D5-3512-9B08-6DB1D4FD2249} = {A4ECAB0F-22D5-3512-9B08-6DB1D4FD2249}
		{454ABC6E-B163-39DE-803C-D69FE1BD6812} = {454ABC6E-B163-39DE-803C-D69FE1BD6812}
		{897730B5-8AFC-35DE-A9D5-69F22E8B638D} = {897730B5-8AFC-35DE-A9D5-69F22E8B638D}
	EndProjectSection
EndProject
Project("{8BC9CEB8-8B4A-11D0-8D11-00A0C91BC942}") = "ZERO_CHECK", "ZERO_CHECK.vcxproj", "{933EE509-E9C3-3EDC-8A86-0F438012E2A7}"
	ProjectSection(ProjectDependencies) = postProject
	EndProjectSection
EndProject
Project("{8BC9CEB8-8B4A-11D0-8D11-00A0C91BC942}") = "adding_handles", "adding_handles.vcxproj", "{7B5920D1-1B82-3380-A148-286F936D6DDE}"
	ProjectSection(ProjectDependencies) = postProject
		{933EE509-E9C3-3EDC-8A86-0F438012E2A7} = {933EE509-E9C3-3EDC-8A86-0F438012E2A7}
	EndProjectSection
EndProject
Project("{8BC9CEB8-8B4A-11D0-8D11-00A0C91BC942}") = "colored_face", "colored_face.vcxproj", "{E1B94A5A-3A74-3FD5-9B85-5ABA1C86C61A}"
	ProjectSection(ProjectDependencies) = postProject
		{933EE509-E9C3-3EDC-8A86-0F438012E2A7} = {933EE509-E9C3-3EDC-8A86-0F438012E2A7}
	EndProjectSection
EndProject
Project("{8BC9CEB8-8B4A-11D0-8D11-00A0C91BC942}") = "constrained", "constrained.vcxproj", "{8D785F6E-5AC0-327B-94AD-9B5FB78BA479}"
	ProjectSection(ProjectDependencies) = postProject
		{933EE509-E9C3-3EDC-8A86-0F438012E2A7} = {933EE509-E9C3-3EDC-8A86-0F438012E2A7}
	EndProjectSection
EndProject
Project("{8BC9CEB8-8B4A-11D0-8D11-00A0C91BC942}") = "constrained_hierarchy_plus", "constrained_hierarchy_plus.vcxproj", "{0DA3EEC9-D6AA-37E8-86D6-E7C6ED40225E}"
	ProjectSection(ProjectDependencies) = postProject
		{933EE509-E9C3-3EDC-8A86-0F438012E2A7} = {933EE509-E9C3-3EDC-8A86-0F438012E2A7}
	EndProjectSection
EndProject
Project("{8BC9CEB8-8B4A-11D0-8D11-00A0C91BC942}") = "constrained_plus", "constrained_plus.vcxproj", "{71BB42D7-3402-3654-A31E-99035B3C6701}"
	ProjectSection(ProjectDependencies) = postProject
		{933EE509-E9C3-3EDC-8A86-0F438012E2A7} = {933EE509-E9C3-3EDC-8A86-0F438012E2A7}
	EndProjectSection
EndProject
Project("{8BC9CEB8-8B4A-11D0-8D11-00A0C91BC942}") = "copy_triangulation_2", "copy_triangulation_2.vcxproj", "{E9914AC2-7DDC-33EE-AE42-54FD597C1A14}"
	ProjectSection(ProjectDependencies) = postProject
		{933EE509-E9C3-3EDC-8A86-0F438012E2A7} = {933EE509-E9C3-3EDC-8A86-0F438012E2A7}
	EndProjectSection
EndProject
Project("{8BC9CEB8-8B4A-11D0-8D11-00A0C91BC942}") = "hierarchy", "hierarchy.vcxproj", "{8A2F5DD7-380F-3203-82F2-FC1089E25F41}"
	ProjectSection(ProjectDependencies) = postProject
		{933EE509-E9C3-3EDC-8A86-0F438012E2A7} = {933EE509-E9C3-3EDC-8A86-0F438012E2A7}
	EndProjectSection
EndProject
Project("{8BC9CEB8-8B4A-11D0-8D11-00A0C91BC942}") = "info_insert_with_pair_iterator_2", "info_insert_with_pair_iterator_2.vcxproj", "{DC0AE893-8FD4-3BAF-8B6D-158BC819FBE9}"
	ProjectSection(ProjectDependencies) = postProject
		{933EE509-E9C3-3EDC-8A86-0F438012E2A7} = {933EE509-E9C3-3EDC-8A86-0F438012E2A7}
	EndProjectSection
EndProject
Project("{8BC9CEB8-8B4A-11D0-8D11-00A0C91BC942}") = "info_insert_with_pair_iterator_regular_2", "info_insert_with_pair_iterator_regular_2.vcxproj", "{036B0AEB-D18F-3707-817F-11F2D9A9CE07}"
	ProjectSection(ProjectDependencies) = postProject
		{933EE509-E9C3-3EDC-8A86-0F438012E2A7} = {933EE509-E9C3-3EDC-8A86-0F438012E2A7}
	EndProjectSection
EndProject
Project("{8BC9CEB8-8B4A-11D0-8D11-00A0C91BC942}") = "info_insert_with_transform_iterator_2", "info_insert_with_transform_iterator_2.vcxproj", "{F0DBC613-5953-3A63-8579-5998DF8924D9}"
	ProjectSection(ProjectDependencies) = postProject
		{933EE509-E9C3-3EDC-8A86-0F438012E2A7} = {933EE509-E9C3-3EDC-8A86-0F438012E2A7}
	EndProjectSection
EndProject
Project("{8BC9CEB8-8B4A-11D0-8D11-00A0C91BC942}") = "info_insert_with_zip_iterator_2", "info_insert_with_zip_iterator_2.vcxproj", "{AE4E2298-0F75-37CF-855F-EB776FFEE051}"
	ProjectSection(ProjectDependencies) = postProject
		{933EE509-E9C3-3EDC-8A86-0F438012E2A7} = {933EE509-E9C3-3EDC-8A86-0F438012E2A7}
	EndProjectSection
EndProject
Project("{8BC9CEB8-8B4A-11D0-8D11-00A0C91BC942}") = "polygon_triangulation", "polygon_triangulation.vcxproj", "{65A36246-4D9E-3044-A7E3-A629CF07699C}"
	ProjectSection(ProjectDependencies) = postProject
		{933EE509-E9C3-3EDC-8A86-0F438012E2A7} = {933EE509-E9C3-3EDC-8A86-0F438012E2A7}
	EndProjectSection
EndProject
Project("{8BC9CEB8-8B4A-11D0-8D11-00A0C91BC942}") = "polylines_triangulation", "polylines_triangulation.vcxproj", "{6458D5CC-2AB6-35E5-A476-A40496AB8F5A}"
	ProjectSection(ProjectDependencies) = postProject
		{933EE509-E9C3-3EDC-8A86-0F438012E2A7} = {933EE509-E9C3-3EDC-8A86-0F438012E2A7}
	EndProjectSection
EndProject
Project("{8BC9CEB8-8B4A-11D0-8D11-00A0C91BC942}") = "print_cropped_voronoi", "print_cropped_voronoi.vcxproj", "{15F19FFE-F8B3-3ABD-A1B5-E193570C0D7C}"
	ProjectSection(ProjectDependencies) = postProject
		{933EE509-E9C3-3EDC-8A86-0F438012E2A7} = {933EE509-E9C3-3EDC-8A86-0F438012E2A7}
	EndProjectSection
EndProject
Project("{8BC9CEB8-8B4A-11D0-8D11-00A0C91BC942}") = "regular", "regular.vcxproj", "{629C056A-21E8-3173-B29B-B59A4D0E42A2}"
	ProjectSection(ProjectDependencies) = postProject
		{933EE509-E9C3-3EDC-8A86-0F438012E2A7} = {933EE509-E9C3-3EDC-8A86-0F438012E2A7}
	EndProjectSection
EndProject
Project("{8BC9CEB8-8B4A-11D0-8D11-00A0C91BC942}") = "terrain", "terrain.vcxproj", "{A4ECAB0F-22D5-3512-9B08-6DB1D4FD2249}"
	ProjectSection(ProjectDependencies) = postProject
		{933EE509-E9C3-3EDC-8A86-0F438012E2A7} = {933EE509-E9C3-3EDC-8A86-0F438012E2A7}
	EndProjectSection
EndProject
Project("{8BC9CEB8-8B4A-11D0-8D11-00A0C91BC942}") = "triangulation_prog1", "triangulation_prog1.vcxproj", "{454ABC6E-B163-39DE-803C-D69FE1BD6812}"
	ProjectSection(ProjectDependencies) = postProject
		{933EE509-E9C3-3EDC-8A86-0F438012E2A7} = {933EE509-E9C3-3EDC-8A86-0F438012E2A7}
	EndProjectSection
EndProject
Project("{8BC9CEB8-8B4A-11D0-8D11-00A0C91BC942}") = "voronoi", "voronoi.vcxproj", "{897730B5-8AFC-35DE-A9D5-69F22E8B638D}"
	ProjectSection(ProjectDependencies) = postProject
		{933EE509-E9C3-3EDC-8A86-0F438012E2A7} = {933EE509-E9C3-3EDC-8A86-0F438012E2A7}
	EndProjectSection
EndProject
Global
	GlobalSection(SolutionConfigurationPlatforms) = preSolution
		Debug|Win32 = Debug|Win32
		Release|Win32 = Release|Win32
		MinSizeRel|Win32 = MinSizeRel|Win32
		RelWithDebInfo|Win32 = RelWithDebInfo|Win32
	EndGlobalSection
	GlobalSection(ProjectConfigurationPlatforms) = postSolution
		{E47575C2-CE8D-34E5-8039-BD9E1F101A86}.Debug|Win32.ActiveCfg = Debug|Win32
		{E47575C2-CE8D-34E5-8039-BD9E1F101A86}.Release|Win32.ActiveCfg = Release|Win32
		{E47575C2-CE8D-34E5-8039-BD9E1F101A86}.MinSizeRel|Win32.ActiveCfg = MinSizeRel|Win32
		{E47575C2-CE8D-34E5-8039-BD9E1F101A86}.RelWithDebInfo|Win32.ActiveCfg = RelWithDebInfo|Win32
		{933EE509-E9C3-3EDC-8A86-0F438012E2A7}.Debug|Win32.ActiveCfg = Debug|Win32
		{933EE509-E9C3-3EDC-8A86-0F438012E2A7}.Debug|Win32.Build.0 = Debug|Win32
		{933EE509-E9C3-3EDC-8A86-0F438012E2A7}.Release|Win32.ActiveCfg = Release|Win32
		{933EE509-E9C3-3EDC-8A86-0F438012E2A7}.Release|Win32.Build.0 = Release|Win32
		{933EE509-E9C3-3EDC-8A86-0F438012E2A7}.MinSizeRel|Win32.ActiveCfg = MinSizeRel|Win32
		{933EE509-E9C3-3EDC-8A86-0F438012E2A7}.MinSizeRel|Win32.Build.0 = MinSizeRel|Win32
		{933EE509-E9C3-3EDC-8A86-0F438012E2A7}.RelWithDebInfo|Win32.ActiveCfg = RelWithDebInfo|Win32
		{933EE509-E9C3-3EDC-8A86-0F438012E2A7}.RelWithDebInfo|Win32.Build.0 = RelWithDebInfo|Win32
		{7B5920D1-1B82-3380-A148-286F936D6DDE}.Debug|Win32.ActiveCfg = Debug|Win32
		{7B5920D1-1B82-3380-A148-286F936D6DDE}.Debug|Win32.Build.0 = Debug|Win32
		{7B5920D1-1B82-3380-A148-286F936D6DDE}.Release|Win32.ActiveCfg = Release|Win32
		{7B5920D1-1B82-3380-A148-286F936D6DDE}.Release|Win32.Build.0 = Release|Win32
		{7B5920D1-1B82-3380-A148-286F936D6DDE}.MinSizeRel|Win32.ActiveCfg = MinSizeRel|Win32
		{7B5920D1-1B82-3380-A148-286F936D6DDE}.MinSizeRel|Win32.Build.0 = MinSizeRel|Win32
		{7B5920D1-1B82-3380-A148-286F936D6DDE}.RelWithDebInfo|Win32.ActiveCfg = RelWithDebInfo|Win32
		{7B5920D1-1B82-3380-A148-286F936D6DDE}.RelWithDebInfo|Win32.Build.0 = RelWithDebInfo|Win32
		{E1B94A5A-3A74-3FD5-9B85-5ABA1C86C61A}.Debug|Win32.ActiveCfg = Debug|Win32
		{E1B94A5A-3A74-3FD5-9B85-5ABA1C86C61A}.Debug|Win32.Build.0 = Debug|Win32
		{E1B94A5A-3A74-3FD5-9B85-5ABA1C86C61A}.Release|Win32.ActiveCfg = Release|Win32
		{E1B94A5A-3A74-3FD5-9B85-5ABA1C86C61A}.Release|Win32.Build.0 = Release|Win32
		{E1B94A5A-3A74-3FD5-9B85-5ABA1C86C61A}.MinSizeRel|Win32.ActiveCfg = MinSizeRel|Win32
		{E1B94A5A-3A74-3FD5-9B85-5ABA1C86C61A}.MinSizeRel|Win32.Build.0 = MinSizeRel|Win32
		{E1B94A5A-3A74-3FD5-9B85-5ABA1C86C61A}.RelWithDebInfo|Win32.ActiveCfg = RelWithDebInfo|Win32
		{E1B94A5A-3A74-3FD5-9B85-5ABA1C86C61A}.RelWithDebInfo|Win32.Build.0 = RelWithDebInfo|Win32
		{8D785F6E-5AC0-327B-94AD-9B5FB78BA479}.Debug|Win32.ActiveCfg = Debug|Win32
		{8D785F6E-5AC0-327B-94AD-9B5FB78BA479}.Debug|Win32.Build.0 = Debug|Win32
		{8D785F6E-5AC0-327B-94AD-9B5FB78BA479}.Release|Win32.ActiveCfg = Release|Win32
		{8D785F6E-5AC0-327B-94AD-9B5FB78BA479}.Release|Win32.Build.0 = Release|Win32
		{8D785F6E-5AC0-327B-94AD-9B5FB78BA479}.MinSizeRel|Win32.ActiveCfg = MinSizeRel|Win32
		{8D785F6E-5AC0-327B-94AD-9B5FB78BA479}.MinSizeRel|Win32.Build.0 = MinSizeRel|Win32
		{8D785F6E-5AC0-327B-94AD-9B5FB78BA479}.RelWithDebInfo|Win32.ActiveCfg = RelWithDebInfo|Win32
		{8D785F6E-5AC0-327B-94AD-9B5FB78BA479}.RelWithDebInfo|Win32.Build.0 = RelWithDebInfo|Win32
		{0DA3EEC9-D6AA-37E8-86D6-E7C6ED40225E}.Debug|Win32.ActiveCfg = Debug|Win32
		{0DA3EEC9-D6AA-37E8-86D6-E7C6ED40225E}.Debug|Win32.Build.0 = Debug|Win32
		{0DA3EEC9-D6AA-37E8-86D6-E7C6ED40225E}.Release|Win32.ActiveCfg = Release|Win32
		{0DA3EEC9-D6AA-37E8-86D6-E7C6ED40225E}.Release|Win32.Build.0 = Release|Win32
		{0DA3EEC9-D6AA-37E8-86D6-E7C6ED40225E}.MinSizeRel|Win32.ActiveCfg = MinSizeRel|Win32
		{0DA3EEC9-D6AA-37E8-86D6-E7C6ED40225E}.MinSizeRel|Win32.Build.0 = MinSizeRel|Win32
		{0DA3EEC9-D6AA-37E8-86D6-E7C6ED40225E}.RelWithDebInfo|Win32.ActiveCfg = RelWithDebInfo|Win32
		{0DA3EEC9-D6AA-37E8-86D6-E7C6ED40225E}.RelWithDebInfo|Win32.Build.0 = RelWithDebInfo|Win32
		{71BB42D7-3402-3654-A31E-99035B3C6701}.Debug|Win32.ActiveCfg = Debug|Win32
		{71BB42D7-3402-3654-A31E-99035B3C6701}.Debug|Win32.Build.0 = Debug|Win32
		{71BB42D7-3402-3654-A31E-99035B3C6701}.Release|Win32.ActiveCfg = Release|Win32
		{71BB42D7-3402-3654-A31E-99035B3C6701}.Release|Win32.Build.0 = Release|Win32
		{71BB42D7-3402-3654-A31E-99035B3C6701}.MinSizeRel|Win32.ActiveCfg = MinSizeRel|Win32
		{71BB42D7-3402-3654-A31E-99035B3C6701}.MinSizeRel|Win32.Build.0 = MinSizeRel|Win32
		{71BB42D7-3402-3654-A31E-99035B3C6701}.RelWithDebInfo|Win32.ActiveCfg = RelWithDebInfo|Win32
		{71BB42D7-3402-3654-A31E-99035B3C6701}.RelWithDebInfo|Win32.Build.0 = RelWithDebInfo|Win32
		{E9914AC2-7DDC-33EE-AE42-54FD597C1A14}.Debug|Win32.ActiveCfg = Debug|Win32
		{E9914AC2-7DDC-33EE-AE42-54FD597C1A14}.Debug|Win32.Build.0 = Debug|Win32
		{E9914AC2-7DDC-33EE-AE42-54FD597C1A14}.Release|Win32.ActiveCfg = Release|Win32
		{E9914AC2-7DDC-33EE-AE42-54FD597C1A14}.Release|Win32.Build.0 = Release|Win32
		{E9914AC2-7DDC-33EE-AE42-54FD597C1A14}.MinSizeRel|Win32.ActiveCfg = MinSizeRel|Win32
		{E9914AC2-7DDC-33EE-AE42-54FD597C1A14}.MinSizeRel|Win32.Build.0 = MinSizeRel|Win32
		{E9914AC2-7DDC-33EE-AE42-54FD597C1A14}.RelWithDebInfo|Win32.ActiveCfg = RelWithDebInfo|Win32
		{E9914AC2-7DDC-33EE-AE42-54FD597C1A14}.RelWithDebInfo|Win32.Build.0 = RelWithDebInfo|Win32
		{8A2F5DD7-380F-3203-82F2-FC1089E25F41}.Debug|Win32.ActiveCfg = Debug|Win32
		{8A2F5DD7-380F-3203-82F2-FC1089E25F41}.Debug|Win32.Build.0 = Debug|Win32
		{8A2F5DD7-380F-3203-82F2-FC1089E25F41}.Release|Win32.ActiveCfg = Release|Win32
		{8A2F5DD7-380F-3203-82F2-FC1089E25F41}.Release|Win32.Build.0 = Release|Win32
		{8A2F5DD7-380F-3203-82F2-FC1089E25F41}.MinSizeRel|Win32.ActiveCfg = MinSizeRel|Win32
		{8A2F5DD7-380F-3203-82F2-FC1089E25F41}.MinSizeRel|Win32.Build.0 = MinSizeRel|Win32
		{8A2F5DD7-380F-3203-82F2-FC1089E25F41}.RelWithDebInfo|Win32.ActiveCfg = RelWithDebInfo|Win32
		{8A2F5DD7-380F-3203-82F2-FC1089E25F41}.RelWithDebInfo|Win32.Build.0 = RelWithDebInfo|Win32
		{DC0AE893-8FD4-3BAF-8B6D-158BC819FBE9}.Debug|Win32.ActiveCfg = Debug|Win32
		{DC0AE893-8FD4-3BAF-8B6D-158BC819FBE9}.Debug|Win32.Build.0 = Debug|Win32
		{DC0AE893-8FD4-3BAF-8B6D-158BC819FBE9}.Release|Win32.ActiveCfg = Release|Win32
		{DC0AE893-8FD4-3BAF-8B6D-158BC819FBE9}.Release|Win32.Build.0 = Release|Win32
		{DC0AE893-8FD4-3BAF-8B6D-158BC819FBE9}.MinSizeRel|Win32.ActiveCfg = MinSizeRel|Win32
		{DC0AE893-8FD4-3BAF-8B6D-158BC819FBE9}.MinSizeRel|Win32.Build.0 = MinSizeRel|Win32
		{DC0AE893-8FD4-3BAF-8B6D-158BC819FBE9}.RelWithDebInfo|Win32.ActiveCfg = RelWithDebInfo|Win32
		{DC0AE893-8FD4-3BAF-8B6D-158BC819FBE9}.RelWithDebInfo|Win32.Build.0 = RelWithDebInfo|Win32
		{036B0AEB-D18F-3707-817F-11F2D9A9CE07}.Debug|Win32.ActiveCfg = Debug|Win32
		{036B0AEB-D18F-3707-817F-11F2D9A9CE07}.Debug|Win32.Build.0 = Debug|Win32
		{036B0AEB-D18F-3707-817F-11F2D9A9CE07}.Release|Win32.ActiveCfg = Release|Win32
		{036B0AEB-D18F-3707-817F-11F2D9A9CE07}.Release|Win32.Build.0 = Release|Win32
		{036B0AEB-D18F-3707-817F-11F2D9A9CE07}.MinSizeRel|Win32.ActiveCfg = MinSizeRel|Win32
		{036B0AEB-D18F-3707-817F-11F2D9A9CE07}.MinSizeRel|Win32.Build.0 = MinSizeRel|Win32
		{036B0AEB-D18F-3707-817F-11F2D9A9CE07}.RelWithDebInfo|Win32.ActiveCfg = RelWithDebInfo|Win32
		{036B0AEB-D18F-3707-817F-11F2D9A9CE07}.RelWithDebInfo|Win32.Build.0 = RelWithDebInfo|Win32
		{F0DBC613-5953-3A63-8579-5998DF8924D9}.Debug|Win32.ActiveCfg = Debug|Win32
		{F0DBC613-5953-3A63-8579-5998DF8924D9}.Debug|Win32.Build.0 = Debug|Win32
		{F0DBC613-5953-3A63-8579-5998DF8924D9}.Release|Win32.ActiveCfg = Release|Win32
		{F0DBC613-5953-3A63-8579-5998DF8924D9}.Release|Win32.Build.0 = Release|Win32
		{F0DBC613-5953-3A63-8579-5998DF8924D9}.MinSizeRel|Win32.ActiveCfg = MinSizeRel|Win32
		{F0DBC613-5953-3A63-8579-5998DF8924D9}.MinSizeRel|Win32.Build.0 = MinSizeRel|Win32
		{F0DBC613-5953-3A63-8579-5998DF8924D9}.RelWithDebInfo|Win32.ActiveCfg = RelWithDebInfo|Win32
		{F0DBC613-5953-3A63-8579-5998DF8924D9}.RelWithDebInfo|Win32.Build.0 = RelWithDebInfo|Win32
		{AE4E2298-0F75-37CF-855F-EB776FFEE051}.Debug|Win32.ActiveCfg = Debug|Win32
		{AE4E2298-0F75-37CF-855F-EB776FFEE051}.Debug|Win32.Build.0 = Debug|Win32
		{AE4E2298-0F75-37CF-855F-EB776FFEE051}.Release|Win32.ActiveCfg = Release|Win32
		{AE4E2298-0F75-37CF-855F-EB776FFEE051}.Release|Win32.Build.0 = Release|Win32
		{AE4E2298-0F75-37CF-855F-EB776FFEE051}.MinSizeRel|Win32.ActiveCfg = MinSizeRel|Win32
		{AE4E2298-0F75-37CF-855F-EB776FFEE051}.MinSizeRel|Win32.Build.0 = MinSizeRel|Win32
		{AE4E2298-0F75-37CF-855F-EB776FFEE051}.RelWithDebInfo|Win32.ActiveCfg = RelWithDebInfo|Win32
		{AE4E2298-0F75-37CF-855F-EB776FFEE051}.RelWithDebInfo|Win32.Build.0 = RelWithDebInfo|Win32
		{65A36246-4D9E-3044-A7E3-A629CF07699C}.Debug|Win32.ActiveCfg = Debug|Win32
		{65A36246-4D9E-3044-A7E3-A629CF07699C}.Debug|Win32.Build.0 = Debug|Win32
		{65A36246-4D9E-3044-A7E3-A629CF07699C}.Release|Win32.ActiveCfg = Release|Win32
		{65A36246-4D9E-3044-A7E3-A629CF07699C}.Release|Win32.Build.0 = Release|Win32
		{65A36246-4D9E-3044-A7E3-A629CF07699C}.MinSizeRel|Win32.ActiveCfg = MinSizeRel|Win32
		{65A36246-4D9E-3044-A7E3-A629CF07699C}.MinSizeRel|Win32.Build.0 = MinSizeRel|Win32
		{65A36246-4D9E-3044-A7E3-A629CF07699C}.RelWithDebInfo|Win32.ActiveCfg = RelWithDebInfo|Win32
		{65A36246-4D9E-3044-A7E3-A629CF07699C}.RelWithDebInfo|Win32.Build.0 = RelWithDebInfo|Win32
		{6458D5CC-2AB6-35E5-A476-A40496AB8F5A}.Debug|Win32.ActiveCfg = Debug|Win32
		{6458D5CC-2AB6-35E5-A476-A40496AB8F5A}.Debug|Win32.Build.0 = Debug|Win32
		{6458D5CC-2AB6-35E5-A476-A40496AB8F5A}.Release|Win32.ActiveCfg = Release|Win32
		{6458D5CC-2AB6-35E5-A476-A40496AB8F5A}.Release|Win32.Build.0 = Release|Win32
		{6458D5CC-2AB6-35E5-A476-A40496AB8F5A}.MinSizeRel|Win32.ActiveCfg = MinSizeRel|Win32
		{6458D5CC-2AB6-35E5-A476-A40496AB8F5A}.MinSizeRel|Win32.Build.0 = MinSizeRel|Win32
		{6458D5CC-2AB6-35E5-A476-A40496AB8F5A}.RelWithDebInfo|Win32.ActiveCfg = RelWithDebInfo|Win32
		{6458D5CC-2AB6-35E5-A476-A40496AB8F5A}.RelWithDebInfo|Win32.Build.0 = RelWithDebInfo|Win32
		{15F19FFE-F8B3-3ABD-A1B5-E193570C0D7C}.Debug|Win32.ActiveCfg = Debug|Win32
		{15F19FFE-F8B3-3ABD-A1B5-E193570C0D7C}.Debug|Win32.Build.0 = Debug|Win32
		{15F19FFE-F8B3-3ABD-A1B5-E193570C0D7C}.Release|Win32.ActiveCfg = Release|Win32
		{15F19FFE-F8B3-3ABD-A1B5-E193570C0D7C}.Release|Win32.Build.0 = Release|Win32
		{15F19FFE-F8B3-3ABD-A1B5-E193570C0D7C}.MinSizeRel|Win32.ActiveCfg = MinSizeRel|Win32
		{15F19FFE-F8B3-3ABD-A1B5-E193570C0D7C}.MinSizeRel|Win32.Build.0 = MinSizeRel|Win32
		{15F19FFE-F8B3-3ABD-A1B5-E193570C0D7C}.RelWithDebInfo|Win32.ActiveCfg = RelWithDebInfo|Win32
		{15F19FFE-F8B3-3ABD-A1B5-E193570C0D7C}.RelWithDebInfo|Win32.Build.0 = RelWithDebInfo|Win32
		{629C056A-21E8-3173-B29B-B59A4D0E42A2}.Debug|Win32.ActiveCfg = Debug|Win32
		{629C056A-21E8-3173-B29B-B59A4D0E42A2}.Debug|Win32.Build.0 = Debug|Win32
		{629C056A-21E8-3173-B29B-B59A4D0E42A2}.Release|Win32.ActiveCfg = Release|Win32
		{629C056A-21E8-3173-B29B-B59A4D0E42A2}.Release|Win32.Build.0 = Release|Win32
		{629C056A-21E8-3173-B29B-B59A4D0E42A2}.MinSizeRel|Win32.ActiveCfg = MinSizeRel|Win32
		{629C056A-21E8-3173-B29B-B59A4D0E42A2}.MinSizeRel|Win32.Build.0 = MinSizeRel|Win32
		{629C056A-21E8-3173-B29B-B59A4D0E42A2}.RelWithDebInfo|Win32.ActiveCfg = RelWithDebInfo|Win32
		{629C056A-21E8-3173-B29B-B59A4D0E42A2}.RelWithDebInfo|Win32.Build.0 = RelWithDebInfo|Win32
		{A4ECAB0F-22D5-3512-9B08-6DB1D4FD2249}.Debug|Win32.ActiveCfg = Debug|Win32
		{A4ECAB0F-22D5-3512-9B08-6DB1D4FD2249}.Debug|Win32.Build.0 = Debug|Win32
		{A4ECAB0F-22D5-3512-9B08-6DB1D4FD2249}.Release|Win32.ActiveCfg = Release|Win32
		{A4ECAB0F-22D5-3512-9B08-6DB1D4FD2249}.Release|Win32.Build.0 = Release|Win32
		{A4ECAB0F-22D5-3512-9B08-6DB1D4FD2249}.MinSizeRel|Win32.ActiveCfg = MinSizeRel|Win32
		{A4ECAB0F-22D5-3512-9B08-6DB1D4FD2249}.MinSizeRel|Win32.Build.0 = MinSizeRel|Win32
		{A4ECAB0F-22D5-3512-9B08-6DB1D4FD2249}.RelWithDebInfo|Win32.ActiveCfg = RelWithDebInfo|Win32
		{A4ECAB0F-22D5-3512-9B08-6DB1D4FD2249}.RelWithDebInfo|Win32.Build.0 = RelWithDebInfo|Win32
		{454ABC6E-B163-39DE-803C-D69FE1BD6812}.Debug|Win32.ActiveCfg = Debug|Win32
		{454ABC6E-B163-39DE-803C-D69FE1BD6812}.Debug|Win32.Build.0 = Debug|Win32
		{454ABC6E-B163-39DE-803C-D69FE1BD6812}.Release|Win32.ActiveCfg = Release|Win32
		{454ABC6E-B163-39DE-803C-D69FE1BD6812}.Release|Win32.Build.0 = Release|Win32
		{454ABC6E-B163-39DE-803C-D69FE1BD6812}.MinSizeRel|Win32.ActiveCfg = MinSizeRel|Win32
		{454ABC6E-B163-39DE-803C-D69FE1BD6812}.MinSizeRel|Win32.Build.0 = MinSizeRel|Win32
		{454ABC6E-B163-39DE-803C-D69FE1BD6812}.RelWithDebInfo|Win32.ActiveCfg = RelWithDebInfo|Win32
		{454ABC6E-B163-39DE-803C-D69FE1BD6812}.RelWithDebInfo|Win32.Build.0 = RelWithDebInfo|Win32
		{897730B5-8AFC-35DE-A9D5-69F22E8B638D}.Debug|Win32.ActiveCfg = Debug|Win32
		{897730B5-8AFC-35DE-A9D5-69F22E8B638D}.Debug|Win32.Build.0 = Debug|Win32
		{897730B5-8AFC-35DE-A9D5-69F22E8B638D}.Release|Win32.ActiveCfg = Release|Win32
		{897730B5-8AFC-35DE-A9D5-69F22E8B638D}.Release|Win32.Build.0 = Release|Win32
		{897730B5-8AFC-35DE-A9D5-69F22E8B638D}.MinSizeRel|Win32.ActiveCfg = MinSizeRel|Win32
		{897730B5-8AFC-35DE-A9D5-69F22E8B638D}.MinSizeRel|Win32.Build.0 = MinSizeRel|Win32
		{897730B5-8AFC-35DE-A9D5-69F22E8B638D}.RelWithDebInfo|Win32.ActiveCfg = RelWithDebInfo|Win32
		{897730B5-8AFC-35DE-A9D5-69F22E8B638D}.RelWithDebInfo|Win32.Build.0 = RelWithDebInfo|Win32
	EndGlobalSection
	GlobalSection(ExtensibilityGlobals) = postSolution
		SolutionGuid = {0EBDD1A4-04D1-3A68-9981-242319190399}
	EndGlobalSection
	GlobalSection(ExtensibilityAddIns) = postSolution
	EndGlobalSection
EndGlobal
